Microsoft Visual Studio Solution File, Format Version 12.00
# Visual Studio Version 17
VisualStudioVersion = 17.0.31903.59
MinimumVisualStudioVersion = 10.0.40219.1
Project("{9A19103F-16F7-4668-BE54-9A1E7A4F7556}") = "ChaosChess.AI", "src\ChaosChess.AI\ChaosChess.AI.csproj", "{412D605D-1F58-46C6-BF96-25A56640AD45}"
EndProject
Project("{9A19103F-16F7-4668-BE54-9A1E7A4F7556}") = "ChaosChess.AI.Tests", "tests\ChaosChess.AI.Tests\ChaosChess.AI.Tests.csproj", "{20D53AD1-F2C9-4132-AD68-03F6EC728BF0}"
EndProject
Project("{9A19103F-16F7-4668-BE54-9A1E7A4F7556}") = "ChaosChess.AI.Stockfish", "src\ChaosChess.AI.Stockfish\ChaosChess.AI.Stockfish.csproj", "{69AF7327-D8F8-4DFA-91F4-7A8277F6587B}"
EndProject
Global
	GlobalSection(SolutionConfigurationPlatforms) = preSolution
		Debug|Any CPU = Debug|Any CPU
		Release|Any CPU = Release|Any CPU
	EndGlobalSection
	GlobalSection(ProjectConfigurationPlatforms) = postSolution
		{412D605D-1F58-46C6-BF96-25A56640AD45}.Debug|Any CPU.ActiveCfg = Debug|Any CPU
		{412D605D-1F58-46C6-BF96-25A56640AD45}.Debug|Any CPU.Build.0 = Debug|Any CPU
		{412D605D-1F58-46C6-BF96-25A56640AD45}.Release|Any CPU.ActiveCfg = Release|Any CPU
		{412D605D-1F58-46C6-BF96-25A56640AD45}.Release|Any CPU.Build.0 = Release|Any CPU
		{20D53AD1-F2C9-4132-AD68-03F6EC728BF0}.Debug|Any CPU.ActiveCfg = Debug|Any CPU
		{20D53AD1-F2C9-4132-AD68-03F6EC728BF0}.Debug|Any CPU.Build.0 = Debug|Any CPU
		{20D53AD1-F2C9-4132-AD68-03F6EC728BF0}.Release|Any CPU.ActiveCfg = Release|Any CPU
		{20D53AD1-F2C9-4132-AD68-03F6EC728BF0}.Release|Any CPU.Build.0 = Release|Any CPU
		{69AF7327-D8F8-4DFA-91F4-7A8277F6587B}.Debug|Any CPU.ActiveCfg = Debug|Any CPU
		{69AF7327-D8F8-4DFA-91F4-7A8277F6587B}.Debug|Any CPU.Build.0 = Debug|Any CPU
		{69AF7327-D8F8-4DFA-91F4-7A8277F6587B}.Release|Any CPU.ActiveCfg = Release|Any CPU
		{69AF7327-D8F8-4DFA-91F4-7A8277F6587B}.Release|Any CPU.Build.0 = Release|Any CPU
	EndGlobalSection
EndGlobal
